lockfile_version: '1'
generated_at: '2026-04-07T13:48:19.212645+00:00'
apm_version: 0.8.10
dependencies:
- repo_url: ClickHouse/agent-skills
  host: github.com
  resolved_commit: 63c48e8e6c3049bd6a4d9c56e40b623a3d94bce1
  package_type: marketplace_plugin
  deployed_files:
  - .claude/skills/clickhouse-best-practices
  content_hash: sha256:fe7967e22c9fd2ecef57779d2745bd8d581502bee6e356a7c8a7d3a1098009f8
- repo_url: actionbook/rust-skills
  host: github.com
  resolved_commit: 1f4becdcb88d1cbccc1880594479f28891102843
  package_type: hook_package
  deployed_files:
  - .claude/hooks/rust-skills/.claude/hooks/rust-skill-eval-hook.sh
  content_hash: sha256:a3a6082eb77407e7dec8ad1b150667cac5b9411da74f41beb56aac00c6e536a7
- repo_url: anthropics/skills
  host: github.com
  resolved_commit: 98669c11ca63e9c81c11501e1437e5c47b556621
  virtual_path: skills/skill-creator
  is_virtual: true
  package_type: claude_skill
  deployed_files:
  - .claude/skills/skill-creator
  content_hash: sha256:ad480cdd4a4b5886cb7d35c2055d4b9005babe15d80ace54d90f4259f3bf3257
- repo_url: dagster-io/skills
  host: github.com
  resolved_commit: 59585d56684e9ed07937d78f1a1e4f68b3b801a1
  virtual_path: skills/dagster-expert
  is_virtual: true
  package_type: marketplace_plugin
  deployed_files:
  - .claude/skills/dagster-expert
  content_hash: sha256:d39ac3fbabda7a96b1c994e27e82fa7bddac257eef6d80e4de54714f59cf64e6
- repo_url: dagster-io/skills
  host: github.com
  resolved_commit: 59585d56684e9ed07937d78f1a1e4f68b3b801a1
  virtual_path: skills/dignified-python
  is_virtual: true
  package_type: marketplace_plugin
  deployed_files:
  - .claude/skills/dignified-python
  content_hash: sha256:15ba6b8a7ef46ffa038dd5b3a4a5f35a53a11039c6fd2b3d044256b22211f8da
