lockfile_version: '1'
generated_at: '2026-04-06T12:51:59.822428+00:00'
apm_version: 0.8.10
dependencies:
- repo_url: ClickHouse/agent-skills
  host: github.com
  resolved_commit: 63c48e8e6c3049bd6a4d9c56e40b623a3d94bce1
  package_type: marketplace_plugin
  deployed_files:
  - .claude/skills/clickhouse-best-practices
  content_hash: sha256:fe7967e22c9fd2ecef57779d2745bd8d581502bee6e356a7c8a7d3a1098009f8
- repo_url: actionbook/rust-skills
  host: github.com
  resolved_commit: 1f4becdcb88d1cbccc1880594479f28891102843
  package_type: hook_package
  deployed_files:
  - .claude/hooks/rust-skills/.claude/hooks/rust-skill-eval-hook.sh
  content_hash: sha256:a3a6082eb77407e7dec8ad1b150667cac5b9411da74f41beb56aac00c6e536a7
- repo_url: dagster-io/skills
  host: github.com
  resolved_commit: 51575d218c1d9cee8d3f45f74faf2fe9e8ce2b50
  resolved_ref: v0.0.12
  package_type: marketplace_plugin
  content_hash: sha256:8c28e53c836cd5469670a8a8ff896fda1be323da62fc208b0c4250a2bbaa50f4
