{
  "nodes": {
    "crane": {
      "locked": {
        "lastModified": 1776635034,
        "narHash": "sha256-OEOJrT3ZfwbChzODfIH4GzlNTtOFuZFWPtW7jIeR8xU=",
        "owner": "ipetkov",
        "repo": "crane",
        "rev": "dc7496d8ea6e526b1254b55d09b966e94673750f",
        "type": "github"
      },
      "original": {
        "owner": "ipetkov",
        "repo": "crane",
        "type": "github"
      }
    },
    "flake-parts": {
      "inputs": {
        "nixpkgs-lib": [
          "nixpkgs"
        ]
      },
      "locked": {
        "lastModified": 1775087534,
        "narHash": "sha256-91qqW8lhL7TLwgQWijoGBbiD4t7/q75KTi8NxjVmSmA=",
        "owner": "hercules-ci",
        "repo": "flake-parts",
        "rev": "3107b77cd68437b9a76194f0f7f9c55f2329ca5b",
        "type": "github"
      },
      "original": {
        "owner": "hercules-ci",
        "repo": "flake-parts",
        "type": "github"
      }
    },
    "nixpkgs": {
      "locked": {
        "lastModified": 1776548001,
        "narHash": "sha256-ZSK0NL4a1BwVbbTBoSnWgbJy9HeZFXLYQizjb2DPF24=",
        "owner": "NixOS",
        "repo": "nixpkgs",
        "rev": "b12141ef619e0a9c1c84dc8c684040326f27cdcc",
        "type": "github"
      },
      "original": {
        "owner": "NixOS",
        "ref": "nixos-unstable",
        "repo": "nixpkgs",
        "type": "github"
      }
    },
    "process-compose-flake": {
      "locked": {
        "lastModified": 1767863885,
        "narHash": "sha256-XXekPAxzbv1DmHFo3Elmj/vDnvWc1V0jdDUvM0/Wf7k=",
        "owner": "Platonic-Systems",
        "repo": "process-compose-flake",
        "rev": "99bea96cf269cfd235833ebdf645b567069fd398",
        "type": "github"
      },
      "original": {
        "owner": "Platonic-Systems",
        "repo": "process-compose-flake",
        "type": "github"
      }
    },
    "pyproject-build-systems": {
      "inputs": {
        "nixpkgs": [
          "nixpkgs"
        ],
        "pyproject-nix": [
          "pyproject-nix"
        ],
        "uv2nix": [
          "uv2nix"
        ]
      },
      "locked": {
        "lastModified": 1776659114,
        "narHash": "sha256-qapCOQmR++yZSY43dzrp3wCrkOTLpod+ONtJWBk6iKU=",
        "owner": "pyproject-nix",
        "repo": "build-system-pkgs",
        "rev": "ffaa2161dd5d63e0e94591f86b54fc239660fb2e",
        "type": "github"
      },
      "original": {
        "owner": "pyproject-nix",
        "repo": "build-system-pkgs",
        "type": "github"
      }
    },
    "pyproject-nix": {
      "inputs": {
        "nixpkgs": [
          "nixpkgs"
        ]
      },
      "locked": {
        "lastModified": 1776715674,
        "narHash": "sha256-Gs1VnEkCkkRZxJQAC/Dhz0Jbfi22mFXChbtNg9w/Ybg=",
        "owner": "pyproject-nix",
        "repo": "pyproject.nix",
        "rev": "69f57f27e52a87c54e28138a75ec741cd46663c9",
        "type": "github"
      },
      "original": {
        "owner": "pyproject-nix",
        "repo": "pyproject.nix",
        "type": "github"
      }
    },
    "root": {
      "inputs": {
        "crane": "crane",
        "flake-parts": "flake-parts",
        "nixpkgs": "nixpkgs",
        "process-compose-flake": "process-compose-flake",
        "pyproject-build-systems": "pyproject-build-systems",
        "pyproject-nix": "pyproject-nix",
        "services-flake": "services-flake",
        "treefmt-nix": "treefmt-nix",
        "uv2nix": "uv2nix"
      }
    },
    "services-flake": {
      "locked": {
        "lastModified": 1775955605,
        "narHash": "sha256-EX0zJB4JZrKT4qGHrpdJfPXV7nuiHNXh59QoegZqiyc=",
        "owner": "juspay",
        "repo": "services-flake",
        "rev": "4a59e9431242df7790b23e54944078352e4820af",
        "type": "github"
      },
      "original": {
        "owner": "juspay",
        "repo": "services-flake",
        "type": "github"
      }
    },
    "treefmt-nix": {
      "inputs": {
        "nixpkgs": [
          "nixpkgs"
        ]
      },
      "locked": {
        "lastModified": 1775636079,
        "narHash": "sha256-pc20NRoMdiar8oPQceQT47UUZMBTiMdUuWrYu2obUP0=",
        "owner": "numtide",
        "repo": "treefmt-nix",
        "rev": "790751ff7fd3801feeaf96d7dc416a8d581265ba",
        "type": "github"
      },
      "original": {
        "owner": "numtide",
        "repo": "treefmt-nix",
        "type": "github"
      }
    },
    "uv2nix": {
      "inputs": {
        "nixpkgs": [
          "nixpkgs"
        ],
        "pyproject-nix": [
          "pyproject-nix"
        ]
      },
      "locked": {
        "lastModified": 1776317509,
        "narHash": "sha256-nSriomT9IJvyVY/mzyFz4Un6DHSjCfrVitcIfV+VHnY=",
        "owner": "pyproject-nix",
        "repo": "uv2nix",
        "rev": "56cfeb9813150e1f900f13e4d6fe46e2845f82d5",
        "type": "github"
      },
      "original": {
        "owner": "pyproject-nix",
        "repo": "uv2nix",
        "type": "github"
      }
    }
  },
  "root": "root",
  "version": 7
}
